
Microsoft Visual Studio Solution File, Format Version 12.00
# Visual Studio 14
VisualStudioVersion = 14.0.25420.1
MinimumVisualStudioVersion = 10.0.40219.1
Project("{FAE04EC0-301F-11D3-BF4B-00C04F79EFBC}") = "Registry.RemoteService", "Registry.RemoteService.csproj", "{BEC5E1BF-1845-4B9E-8AC7-A4C1E5EA160D}"
EndProject
Project("{FAE04EC0-301F-11D3-BF4B-00C04F79EFBC}") = "Registry.Data", "..\Registry.Data\Registry.Data.csproj", "{66BF7ECF-0D91-40C0-8B36-80D1AD009464}"
EndProject
Project("{FAE04EC0-301F-11D3-BF4B-00C04F79EFBC}") = "Registry.RemoteAzureService", "..\Registry.RemoteAzureService\Registry.RemoteAzureService.csproj", "{06933890-E84F-4125-A19B-9ECA4B6CED25}"
EndProject
Global
	GlobalSection(SolutionConfigurationPlatforms) = preSolution
		Debug|Any CPU = Debug|Any CPU
		Release|Any CPU = Release|Any CPU
	EndGlobalSection
	GlobalSection(ProjectConfigurationPlatforms) = postSolution
		{BEC5E1BF-1845-4B9E-8AC7-A4C1E5EA160D}.Debug|Any CPU.ActiveCfg = Debug|Any CPU
		{BEC5E1BF-1845-4B9E-8AC7-A4C1E5EA160D}.Debug|Any CPU.Build.0 = Debug|Any CPU
		{BEC5E1BF-1845-4B9E-8AC7-A4C1E5EA160D}.Release|Any CPU.ActiveCfg = Release|Any CPU
		{BEC5E1BF-1845-4B9E-8AC7-A4C1E5EA160D}.Release|Any CPU.Build.0 = Release|Any CPU
		{66BF7ECF-0D91-40C0-8B36-80D1AD009464}.Debug|Any CPU.ActiveCfg = Debug|Any CPU
		{66BF7ECF-0D91-40C0-8B36-80D1AD009464}.Debug|Any CPU.Build.0 = Debug|Any CPU
		{66BF7ECF-0D91-40C0-8B36-80D1AD009464}.Release|Any CPU.ActiveCfg = Release|Any CPU
		{66BF7ECF-0D91-40C0-8B36-80D1AD009464}.Release|Any CPU.Build.0 = Release|Any CPU
		{06933890-E84F-4125-A19B-9ECA4B6CED25}.Debug|Any CPU.ActiveCfg = Debug|Any CPU
		{06933890-E84F-4125-A19B-9ECA4B6CED25}.Debug|Any CPU.Build.0 = Debug|Any CPU
		{06933890-E84F-4125-A19B-9ECA4B6CED25}.Release|Any CPU.ActiveCfg = Release|Any CPU
		{06933890-E84F-4125-A19B-9ECA4B6CED25}.Release|Any CPU.Build.0 = Release|Any CPU
	EndGlobalSection
	GlobalSection(SolutionProperties) = preSolution
		HideSolutionNode = FALSE
	EndGlobalSection
EndGlobal
